<?xml version="1.0" encoding="UTF-8" standalone="yes" ?>
<CodeBlocks_project_file>
	<FileVersion major="1" minor="6" />
	<Project>
		<Option title="minSpanDecoder" />
		<Option pch_mode="2" />
		<Option compiler="gcc" />
		<Build>
			<Target title="all">
				<Option output="bin/Debug/minSpanDecoder" prefix_auto="1" extension_auto="1" />
				<Option object_output="obj/Debug/" />
				<Option type="1" />
				<Option compiler="gcc" />
				<Compiler>
					<Add option="-g" />
				</Compiler>
			</Target>
		</Build>
		<Compiler>
			<Add option="-Wall" />
		</Compiler>
		<Unit filename="../OnDiskPt/Main.cpp" />
		<Unit filename="../OnDiskPt/Main.h" />
		<Unit filename="../OnDiskPt/OnDiskWrapper.cpp" />
		<Unit filename="../OnDiskPt/OnDiskWrapper.h" />
		<Unit filename="../OnDiskPt/Phrase.cpp" />
		<Unit filename="../OnDiskPt/Phrase.h" />
		<Unit filename="../OnDiskPt/PhraseNode.cpp" />
		<Unit filename="../OnDiskPt/PhraseNode.h" />
		<Unit filename="../OnDiskPt/SourcePhrase.cpp" />
		<Unit filename="../OnDiskPt/SourcePhrase.h" />
		<Unit filename="../OnDiskPt/TargetPhrase.cpp" />
		<Unit filename="../OnDiskPt/TargetPhrase.h" />
		<Unit filename="../OnDiskPt/TargetPhraseCollection.cpp" />
		<Unit filename="../OnDiskPt/TargetPhraseCollection.h" />
		<Unit filename="../OnDiskPt/Vocab.cpp" />
		<Unit filename="../OnDiskPt/Vocab.h" />
		<Unit filename="../OnDiskPt/Word.cpp" />
		<Unit filename="../OnDiskPt/Word.h" />
		<Unit filename="../contrib/checkplf/checkplf.cpp" />
		<Unit filename="../contrib/eppex/ISS.h" />
		<Unit filename="../contrib/eppex/IndexedPhrasesPair.h" />
		<Unit filename="../contrib/eppex/LossyCounter.h" />
		<Unit filename="../contrib/eppex/SafeGetline.h" />
		<Unit filename="../contrib/eppex/counter.cpp" />
		<Unit filename="../contrib/eppex/eppex.cpp" />
		<Unit filename="../contrib/eppex/phrase-extract.cpp" />
		<Unit filename="../contrib/eppex/phrase-extract.h" />
		<Unit filename="../contrib/eppex/shared.cpp" />
		<Unit filename="../contrib/eppex/shared.h" />
		<Unit filename="../contrib/eppex/typedefs.h" />
		<Unit filename="../contrib/lmserver/daemon.c">
			<Option compilerVar="CC" />
		</Unit>
		<Unit filename="../contrib/lmserver/examples/LMClient.java" />
		<Unit filename="../contrib/lmserver/examples/lmclient.cc" />
		<Unit filename="../contrib/lmserver/lmserver.c">
			<Option compilerVar="CC" />
		</Unit>
		<Unit filename="../contrib/lmserver/lmserver.h" />
		<Unit filename="../contrib/lmserver/srilm.cc" />
		<Unit filename="../contrib/lmserver/srilm.h" />
		<Unit filename="../contrib/lmserver/stats.h" />
		<Unit filename="../contrib/lmserver/thread.c">
			<Option compilerVar="CC" />
		</Unit>
		<Unit filename="../contrib/memscore/datastorage.h" />
		<Unit filename="../contrib/memscore/lexdecom.cpp" />
		<Unit filename="../contrib/memscore/lexdecom.h" />
		<Unit filename="../contrib/memscore/memscore.cpp" />
		<Unit filename="../contrib/memscore/memscore.h" />
		<Unit filename="../contrib/memscore/phraselm.cpp" />
		<Unit filename="../contrib/memscore/phraselm.h" />
		<Unit filename="../contrib/memscore/phrasetable.cpp" />
		<Unit filename="../contrib/memscore/phrasetable.h" />
		<Unit filename="../contrib/memscore/scorer-impl.h" />
		<Unit filename="../contrib/memscore/scorer.cpp" />
		<Unit filename="../contrib/memscore/scorer.h" />
		<Unit filename="../contrib/memscore/statistic.h" />
		<Unit filename="../contrib/memscore/timestamp.h" />
		<Unit filename="../contrib/reranking/src/Hypo.cpp" />
		<Unit filename="../contrib/reranking/src/Hypo.h" />
		<Unit filename="../contrib/reranking/src/Main.cpp" />
		<Unit filename="../contrib/reranking/src/NBest.cpp" />
		<Unit filename="../contrib/reranking/src/NBest.h" />
		<Unit filename="../contrib/reranking/src/ParameterNBest.cpp" />
		<Unit filename="../contrib/reranking/src/ParameterNBest.h" />
		<Unit filename="../contrib/reranking/src/Tools.cpp" />
		<Unit filename="../contrib/reranking/src/Tools.h" />
		<Unit filename="../contrib/server/SampleClient.java" />
		<Unit filename="../contrib/server/mosesserver.cpp" />
		<Unit filename="../contrib/sigtest-filter/WIN32_functions.cpp" />
		<Unit filename="../contrib/sigtest-filter/WIN32_functions.h" />
		<Unit filename="../contrib/sigtest-filter/filter-pt.cpp" />
		<Unit filename="../contrib/synlm/hhmm/rvtl/include/nl-archetypeset.h" />
		<Unit filename="../contrib/synlm/hhmm/rvtl/include/nl-array.h" />
		<Unit filename="../contrib/synlm/hhmm/rvtl/include/nl-beam.h" />
		<Unit filename="../contrib/synlm/hhmm/rvtl/include/nl-const.h" />
		<Unit filename="../contrib/synlm/hhmm/rvtl/include/nl-cpt.h" />
		<Unit filename="../contrib/synlm/hhmm/rvtl/include/nl-crf.h" />
		<Unit filename="../contrib/synlm/hhmm/rvtl/include/nl-denot.h" />
		<Unit filename="../contrib/synlm/hhmm/rvtl/include/nl-dtree-cont.h" />
		<Unit filename="../contrib/synlm/hhmm/rvtl/include/nl-dtree.h" />
		<Unit filename="../contrib/synlm/hhmm/rvtl/include/nl-fixedmatrix.h" />
		<Unit filename="../contrib/synlm/hhmm/rvtl/include/nl-gauss.h" />
		<Unit filename="../contrib/synlm/hhmm/rvtl/include/nl-hash.h" />
		<Unit filename="../contrib/synlm/hhmm/rvtl/include/nl-heap.h" />
		<Unit filename="../contrib/synlm/hhmm/rvtl/include/nl-hmm.h" />
		<Unit filename="../contrib/synlm/hhmm/rvtl/include/nl-hmm2.h" />
		<Unit filename="../contrib/synlm/hhmm/rvtl/include/nl-hmmloop.h" />
		<Unit filename="../contrib/synlm/hhmm/rvtl/include/nl-iomacros.h" />
		<Unit filename="../contrib/synlm/hhmm/rvtl/include/nl-linsep.h" />
		<Unit filename="../contrib/synlm/hhmm/rvtl/include/nl-list.h" />
		<Unit filename="../contrib/synlm/hhmm/rvtl/include/nl-matrix.h" />
		<Unit filename="../contrib/synlm/hhmm/rvtl/include/nl-mixture.h" />
		<Unit filename="../contrib/synlm/hhmm/rvtl/include/nl-modelfile.h" />
		<Unit filename="../contrib/synlm/hhmm/rvtl/include/nl-oblidtree.h" />
		<Unit filename="../contrib/synlm/hhmm/rvtl/include/nl-prob.h" />
		<Unit filename="../contrib/synlm/hhmm/rvtl/include/nl-probmodel.h" />
		<Unit filename="../contrib/synlm/hhmm/rvtl/include/nl-racpt.h" />
		<Unit filename="../contrib/synlm/hhmm/rvtl/include/nl-randvar.h" />
		<Unit filename="../contrib/synlm/hhmm/rvtl/include/nl-refrv.h" />
		<Unit filename="../contrib/synlm/hhmm/rvtl/include/nl-safeids.h" />
		<Unit filename="../contrib/synlm/hhmm/rvtl/include/nl-stream.h" />
		<Unit filename="../contrib/synlm/hhmm/rvtl/include/nl-string.h" />
		<Unit filename="../contrib/synlm/hhmm/rvtl/include/nl-stringindex.h" />
		<Unit filename="../contrib/synlm/hhmm/rvtl/include/nl-tetrahex.h" />
		<Unit filename="../contrib/synlm/hhmm/rvtl/include/nl-timer.h" />
		<Unit filename="../contrib/synlm/hhmm/rvtl/include/nl-tree.h" />
		<Unit filename="../contrib/synlm/hhmm/wsjparse/include/HHMMLangModel-gf.h" />
		<Unit filename="../contrib/synlm/hhmm/wsjparse/include/TextObsModel.h" />
		<Unit filename="../contrib/synlm/hhmm/wsjparse/include/TextObsVars.h" />
		<Unit filename="../jam-files/boost-build/tools/doxygen/windows-paths-check.hpp" />
		<Unit filename="../jam-files/engine/builtins.c">
			<Option compilerVar="CC" />
		</Unit>
		<Unit filename="../jam-files/engine/builtins.h" />
		<Unit filename="../jam-files/engine/class.c">
			<Option compilerVar="CC" />
		</Unit>
		<Unit filename="../jam-files/engine/class.h" />
		<Unit filename="../jam-files/engine/command.c">
			<Option compilerVar="CC" />
		</Unit>
		<Unit filename="../jam-files/engine/command.h" />
		<Unit filename="../jam-files/engine/compile.c">
			<Option compilerVar="CC" />
		</Unit>
		<Unit filename="../jam-files/engine/compile.h" />
		<Unit filename="../jam-files/engine/debug.c">
			<Option compilerVar="CC" />
		</Unit>
		<Unit filename="../jam-files/engine/debug.h" />
		<Unit filename="../jam-files/engine/execcmd.h" />
		<Unit filename="../jam-files/engine/execmac.c">
			<Option compilerVar="CC" />
		</Unit>
		<Unit filename="../jam-files/engine/execnt.c">
			<Option compilerVar="CC" />
		</Unit>
		<Unit filename="../jam-files/engine/execunix.c">
			<Option compilerVar="CC" />
		</Unit>
		<Unit filename="../jam-files/engine/execvms.c">
			<Option compilerVar="CC" />
		</Unit>
		<Unit filename="../jam-files/engine/expand.c">
			<Option compilerVar="CC" />
		</Unit>
		<Unit filename="../jam-files/engine/expand.h" />
		<Unit filename="../jam-files/engine/filemac.c">
			<Option compilerVar="CC" />
		</Unit>
		<Unit filename="../jam-files/engine/filent.c">
			<Option compilerVar="CC" />
		</Unit>
		<Unit filename="../jam-files/engine/fileos2.c">
			<Option compilerVar="CC" />
		</Unit>
		<Unit filename="../jam-files/engine/filesys.c">
			<Option compilerVar="CC" />
		</Unit>
		<Unit filename="../jam-files/engine/filesys.h" />
		<Unit filename="../jam-files/engine/fileunix.c">
			<Option compilerVar="CC" />
		</Unit>
		<Unit filename="../jam-files/engine/filevms.c">
			<Option compilerVar="CC" />
		</Unit>
		<Unit filename="../jam-files/engine/frames.c">
			<Option compilerVar="CC" />
		</Unit>
		<Unit filename="../jam-files/engine/frames.h" />
		<Unit filename="../jam-files/engine/glob.c">
			<Option compilerVar="CC" />
		</Unit>
		<Unit filename="../jam-files/engine/hash.c">
			<Option compilerVar="CC" />
		</Unit>
		<Unit filename="../jam-files/engine/hash.h" />
		<Unit filename="../jam-files/engine/hcache.c">
			<Option compilerVar="CC" />
		</Unit>
		<Unit filename="../jam-files/engine/hcache.h" />
		<Unit filename="../jam-files/engine/hdrmacro.c">
			<Option compilerVar="CC" />
		</Unit>
		<Unit filename="../jam-files/engine/hdrmacro.h" />
		<Unit filename="../jam-files/engine/headers.c">
			<Option compilerVar="CC" />
		</Unit>
		<Unit filename="../jam-files/engine/headers.h" />
		<Unit filename="../jam-files/engine/jam.c">
			<Option compilerVar="CC" />
		</Unit>
		<Unit filename="../jam-files/engine/jam.h" />
		<Unit filename="../jam-files/engine/jambase.c">
			<Option compilerVar="CC" />
		</Unit>
		<Unit filename="../jam-files/engine/jambase.h" />
		<Unit filename="../jam-files/engine/jamgram.c">
			<Option compilerVar="CC" />
		</Unit>
		<Unit filename="../jam-files/engine/jamgram.h" />
		<Unit filename="../jam-files/engine/jamgramtab.h" />
		<Unit filename="../jam-files/engine/lists.c">
			<Option compilerVar="CC" />
		</Unit>
		<Unit filename="../jam-files/engine/lists.h" />
		<Unit filename="../jam-files/engine/make.c">
			<Option compilerVar="CC" />
		</Unit>
		<Unit filename="../jam-files/engine/make.h" />
		<Unit filename="../jam-files/engine/make1.c">
			<Option compilerVar="CC" />
		</Unit>
		<Unit filename="../jam-files/engine/md5.c">
			<Option compilerVar="CC" />
		</Unit>
		<Unit filename="../jam-files/engine/md5.h" />
		<Unit filename="../jam-files/engine/mem.c">
			<Option compilerVar="CC" />
		</Unit>
		<Unit filename="../jam-files/engine/mem.h" />
		<Unit filename="../jam-files/engine/mkjambase.c">
			<Option compilerVar="CC" />
		</Unit>
		<Unit filename="../jam-files/engine/modules.c">
			<Option compilerVar="CC" />
		</Unit>
		<Unit filename="../jam-files/engine/modules.h" />
		<Unit filename="../jam-files/engine/modules/order.c">
			<Option compilerVar="CC" />
		</Unit>
		<Unit filename="../jam-files/engine/modules/path.c">
			<Option compilerVar="CC" />
		</Unit>
		<Unit filename="../jam-files/engine/modules/property-set.c">
			<Option compilerVar="CC" />
		</Unit>
		<Unit filename="../jam-files/engine/modules/regex.c">
			<Option compilerVar="CC" />
		</Unit>
		<Unit filename="../jam-files/engine/modules/sequence.c">
			<Option compilerVar="CC" />
		</Unit>
		<Unit filename="../jam-files/engine/modules/set.c">
			<Option compilerVar="CC" />
		</Unit>
		<Unit filename="../jam-files/engine/native.c">
			<Option compilerVar="CC" />
		</Unit>
		<Unit filename="../jam-files/engine/native.h" />
		<Unit filename="../jam-files/engine/newstr.c">
			<Option compilerVar="CC" />
		</Unit>
		<Unit filename="../jam-files/engine/newstr.h" />
		<Unit filename="../jam-files/engine/option.c">
			<Option compilerVar="CC" />
		</Unit>
		<Unit filename="../jam-files/engine/option.h" />
		<Unit filename="../jam-files/engine/output.c">
			<Option compilerVar="CC" />
		</Unit>
		<Unit filename="../jam-files/engine/output.h" />
		<Unit filename="../jam-files/engine/parse.c">
			<Option compilerVar="CC" />
		</Unit>
		<Unit filename="../jam-files/engine/parse.h" />
		<Unit filename="../jam-files/engine/patchlevel.h" />
		<Unit filename="../jam-files/engine/pathmac.c">
			<Option compilerVar="CC" />
		</Unit>
		<Unit filename="../jam-files/engine/pathsys.h" />
		<Unit filename="../jam-files/engine/pathunix.c">
			<Option compilerVar="CC" />
		</Unit>
		<Unit filename="../jam-files/engine/pathvms.c">
			<Option compilerVar="CC" />
		</Unit>
		<Unit filename="../jam-files/engine/pwd.c">
			<Option compilerVar="CC" />
		</Unit>
		<Unit filename="../jam-files/engine/pwd.h" />
		<Unit filename="../jam-files/engine/regexp.c">
			<Option compilerVar="CC" />
		</Unit>
		<Unit filename="../jam-files/engine/regexp.h" />
		<Unit filename="../jam-files/engine/rules.c">
			<Option compilerVar="CC" />
		</Unit>
		<Unit filename="../jam-files/engine/rules.h" />
		<Unit filename="../jam-files/engine/scan.c">
			<Option compilerVar="CC" />
		</Unit>
		<Unit filename="../jam-files/engine/scan.h" />
		<Unit filename="../jam-files/engine/search.c">
			<Option compilerVar="CC" />
		</Unit>
		<Unit filename="../jam-files/engine/search.h" />
		<Unit filename="../jam-files/engine/strings.c">
			<Option compilerVar="CC" />
		</Unit>
		<Unit filename="../jam-files/engine/strings.h" />
		<Unit filename="../jam-files/engine/subst.c">
			<Option compilerVar="CC" />
		</Unit>
		<Unit filename="../jam-files/engine/timestamp.c">
			<Option compilerVar="CC" />
		</Unit>
		<Unit filename="../jam-files/engine/timestamp.h" />
		<Unit filename="../jam-files/engine/variable.c">
			<Option compilerVar="CC" />
		</Unit>
		<Unit filename="../jam-files/engine/variable.h" />
		<Unit filename="../jam-files/engine/w32_getreg.c">
			<Option compilerVar="CC" />
		</Unit>
		<Unit filename="../jam-files/engine/yyacc.c">
			<Option compilerVar="CC" />
		</Unit>
		<Unit filename="../lm/bhiksha.cc" />
		<Unit filename="../kenlm/bhiksha.cc" />
		<Unit filename="../lm/bhiksha.hh" />
		<Unit filename="../kenlm/bhiksha.hh" />
		<Unit filename="../lm/binary_format.cc" />
		<Unit filename="../kenlm/binary_format.cc" />
		<Unit filename="../lm/binary_format.hh" />
		<Unit filename="../kenlm/binary_format.hh" />
		<Unit filename="../lm/blank.hh" />
		<Unit filename="../kenlm/blank.hh" />
		<Unit filename="../lm/build_binary.cc" />
		<Unit filename="../kenlm/build_binary.cc" />
		<Unit filename="../lm/config.cc" />
		<Unit filename="../kenlm/config.cc" />
		<Unit filename="../lm/config.hh" />
		<Unit filename="../kenlm/config.hh" />
		<Unit filename="../lm/enumerate_vocab.hh" />
		<Unit filename="../kenlm/enumerate_vocab.hh" />
		<Unit filename="../lm/facade.hh" />
		<Unit filename="../kenlm/facade.hh" />
		<Unit filename="../lm/left.hh" />
		<Unit filename="../kenlm/left.hh" />
		<Unit filename="../lm/left_test.cc" />
		<Unit filename="../kenlm/left_test.cc" />
		<Unit filename="../lm/lm_exception.cc" />
		<Unit filename="../kenlm/lm_exception.cc" />
		<Unit filename="../lm/lm_exception.hh" />
		<Unit filename="../kenlm/lm_exception.hh" />
		<Unit filename="../lm/max_order.hh" />
		<Unit filename="../kenlm/max_order.hh" />
		<Unit filename="../lm/model.cc" />
		<Unit filename="../kenlm/model.cc" />
		<Unit filename="../lm/model.hh" />
		<Unit filename="../kenlm/model.hh" />
		<Unit filename="../lm/model_test.cc" />
		<Unit filename="../kenlm/model_test.cc" />
		<Unit filename="../lm/model_type.hh" />
		<Unit filename="../kenlm/model_type.hh" />
		<Unit filename="../lm/ngram_query.cc" />
		<Unit filename="../kenlm/ngram_query.cc" />
		<Unit filename="../lm/ngram_query.hh" />
		<Unit filename="../kenlm/ngram_query.hh" />
		<Unit filename="../lm/quantize.cc" />
		<Unit filename="../kenlm/quantize.cc" />
		<Unit filename="../lm/quantize.hh" />
		<Unit filename="../kenlm/quantize.hh" />
		<Unit filename="../lm/read_arpa.cc" />
		<Unit filename="../kenlm/read_arpa.cc" />
		<Unit filename="../lm/read_arpa.hh" />
		<Unit filename="../kenlm/read_arpa.hh" />
		<Unit filename="../lm/return.hh" />
		<Unit filename="../kenlm/return.hh" />
		<Unit filename="../lm/search_hashed.cc" />
		<Unit filename="../kenlm/search_hashed.cc" />
		<Unit filename="../lm/search_hashed.hh" />
		<Unit filename="../kenlm/search_hashed.hh" />
		<Unit filename="../lm/search_trie.cc" />
		<Unit filename="../kenlm/search_trie.cc" />
		<Unit filename="../lm/search_trie.hh" />
		<Unit filename="../kenlm/search_trie.hh" />
		<Unit filename="../lm/trie.cc" />
		<Unit filename="../kenlm/trie.cc" />
		<Unit filename="../lm/trie.hh" />
		<Unit filename="../kenlm/trie.hh" />
		<Unit filename="../lm/trie_sort.cc" />
		<Unit filename="../kenlm/trie_sort.cc" />
		<Unit filename="../lm/trie_sort.hh" />
		<Unit filename="../kenlm/trie_sort.hh" />
		<Unit filename="../lm/virtual_interface.cc" />
		<Unit filename="../kenlm/virtual_interface.cc" />
		<Unit filename="../lm/virtual_interface.hh" />
		<Unit filename="../kenlm/virtual_interface.hh" />
		<Unit filename="../lm/vocab.cc" />
		<Unit filename="../kenlm/vocab.cc" />
		<Unit filename="../lm/vocab.hh" />
		<Unit filename="../kenlm/vocab.hh" />
		<Unit filename="../lm/weights.hh" />
		<Unit filename="../kenlm/weights.hh" />
		<Unit filename="../lm/word_index.hh" />
		<Unit filename="../kenlm/word_index.hh" />
		<Unit filename="../mert/BleuScorer.cpp" />
		<Unit filename="../mert/BleuScorer.h" />
		<Unit filename="../mert/BleuScorerTest.cpp" />
		<Unit filename="../mert/CderScorer.cpp" />
		<Unit filename="../mert/CderScorer.h" />
		<Unit filename="../mert/Data.cpp" />
		<Unit filename="../mert/Data.h" />
		<Unit filename="../mert/DataTest.cpp" />
		<Unit filename="../mert/FeatureArray.cpp" />
		<Unit filename="../mert/FeatureArray.h" />
		<Unit filename="../mert/FeatureData.cpp" />
		<Unit filename="../mert/FeatureData.h" />
		<Unit filename="../mert/FeatureDataIterator.cpp" />
		<Unit filename="../mert/FeatureDataIterator.h" />
		<Unit filename="../mert/FeatureDataTest.cpp" />
		<Unit filename="../mert/FeatureStats.cpp" />
		<Unit filename="../mert/FeatureStats.h" />
		<Unit filename="../mert/FileStream.cpp" />
		<Unit filename="../mert/FileStream.h" />
		<Unit filename="../mert/GzFileBuf.cpp" />
		<Unit filename="../mert/GzFileBuf.h" />
		<Unit filename="../mert/InterpolatedScorer.cpp" />
		<Unit filename="../mert/InterpolatedScorer.h" />
		<Unit filename="../mert/MergeScorer.cpp" />
		<Unit filename="../mert/MergeScorer.h" />
		<Unit filename="../mert/Ngram.h" />
		<Unit filename="../mert/NgramTest.cpp" />
		<Unit filename="../mert/Optimizer.cpp" />
		<Unit filename="../mert/Optimizer.h" />
		<Unit filename="../mert/OptimizerFactory.cpp" />
		<Unit filename="../mert/OptimizerFactory.h" />
		<Unit filename="../mert/OptimizerFactoryTest.cpp" />
		<Unit filename="../mert/PerScorer.cpp" />
		<Unit filename="../mert/PerScorer.h" />
		<Unit filename="../mert/Point.cpp" />
		<Unit filename="../mert/Point.h" />
		<Unit filename="../mert/PointTest.cpp" />
		<Unit filename="../mert/Reference.h" />
		<Unit filename="../mert/ReferenceTest.cpp" />
		<Unit filename="../mert/ScopedVector.h" />
		<Unit filename="../mert/ScoreArray.cpp" />
		<Unit filename="../mert/ScoreArray.h" />
		<Unit filename="../mert/ScoreData.cpp" />
		<Unit filename="../mert/ScoreData.h" />
		<Unit filename="../mert/ScoreDataIterator.cpp" />
		<Unit filename="../mert/ScoreDataIterator.h" />
		<Unit filename="../mert/ScoreStats.cpp" />
		<Unit filename="../mert/ScoreStats.h" />
		<Unit filename="../mert/Scorer.cpp" />
		<Unit filename="../mert/Scorer.h" />
		<Unit filename="../mert/ScorerFactory.cpp" />
		<Unit filename="../mert/ScorerFactory.h" />
		<Unit filename="../mert/SemposOverlapping.cpp" />
		<Unit filename="../mert/SemposOverlapping.h" />
		<Unit filename="../mert/SemposScorer.cpp" />
		<Unit filename="../mert/SemposScorer.h" />
		<Unit filename="../mert/Singleton.h" />
		<Unit filename="../mert/SingletonTest.cpp" />
		<Unit filename="../mert/TER/alignmentStruct.cpp" />
		<Unit filename="../mert/TER/alignmentStruct.h" />
		<Unit filename="../mert/TER/bestShiftStruct.h" />
		<Unit filename="../mert/TER/hashMap.cpp" />
		<Unit filename="../mert/TER/hashMap.h" />
		<Unit filename="../mert/TER/hashMapInfos.cpp" />
		<Unit filename="../mert/TER/hashMapInfos.h" />
		<Unit filename="../mert/TER/hashMapStringInfos.cpp" />
		<Unit filename="../mert/TER/hashMapStringInfos.h" />
		<Unit filename="../mert/TER/infosHasher.cpp" />
		<Unit filename="../mert/TER/infosHasher.h" />
		<Unit filename="../mert/TER/stringHasher.cpp" />
		<Unit filename="../mert/TER/stringHasher.h" />
		<Unit filename="../mert/TER/stringInfosHasher.cpp" />
		<Unit filename="../mert/TER/stringInfosHasher.h" />
		<Unit filename="../mert/TER/terAlignment.cpp" />
		<Unit filename="../mert/TER/terAlignment.h" />
		<Unit filename="../mert/TER/terShift.cpp" />
		<Unit filename="../mert/TER/terShift.h" />
		<Unit filename="../mert/TER/tercalc.cpp" />
		<Unit filename="../mert/TER/tercalc.h" />
		<Unit filename="../mert/TER/tools.cpp" />
		<Unit filename="../mert/TER/tools.h" />
		<Unit filename="../mert/TerScorer.cpp" />
		<Unit filename="../mert/TerScorer.h" />
		<Unit filename="../mert/Timer.cpp" />
		<Unit filename="../mert/Timer.h" />
		<Unit filename="../mert/TimerTest.cpp" />
		<Unit filename="../mert/Types.h" />
		<Unit filename="../mert/Util.cpp" />
		<Unit filename="../mert/Util.h" />
		<Unit filename="../mert/UtilTest.cpp" />
		<Unit filename="../mert/Vocabulary.cpp" />
		<Unit filename="../mert/Vocabulary.h" />
		<Unit filename="../mert/VocabularyTest.cpp" />
		<Unit filename="../mert/evaluator.cpp" />
		<Unit filename="../mert/extractor.cpp" />
		<Unit filename="../mert/mert.cpp" />
		<Unit filename="../mert/pro.cpp" />
		<Unit filename="../mert/test_scorer.cpp" />
		<Unit filename="../misc/GenerateTuples.cpp" />
		<Unit filename="../misc/GenerateTuples.h" />
		<Unit filename="../misc/pmoses/pmoses.cc" />
		<Unit filename="../misc/processLexicalTable.cpp" />
		<Unit filename="../misc/processPhraseTable.cpp" />
		<Unit filename="../misc/queryLexicalTable.cpp" />
		<Unit filename="../misc/queryPhraseTable.cpp" />
		<Unit filename="../moses-chart-cmd/src/IOWrapper.cpp" />
		<Unit filename="../moses-chart-cmd/src/IOWrapper.h" />
		<Unit filename="../moses-chart-cmd/src/Main.cpp" />
		<Unit filename="../moses-chart-cmd/src/Main.h" />
		<Unit filename="../moses-chart-cmd/src/TranslationAnalysis.cpp" />
		<Unit filename="../moses-chart-cmd/src/TranslationAnalysis.h" />
		<Unit filename="../moses-chart-cmd/src/mbr.cpp" />
		<Unit filename="../moses-chart-cmd/src/mbr.h" />
		<Unit filename="../moses-cmd/src/IOWrapper.cpp" />
		<Unit filename="../moses-cmd/src/IOWrapper.h" />
		<Unit filename="../moses-cmd/src/LatticeMBR.cpp" />
		<Unit filename="../moses-cmd/src/LatticeMBR.h" />
		<Unit filename="../moses-cmd/src/LatticeMBRGrid.cpp" />
		<Unit filename="../moses-cmd/src/Main.cpp" />
		<Unit filename="../moses-cmd/src/Main.h" />
		<Unit filename="../moses-cmd/src/TranslationAnalysis.cpp" />
		<Unit filename="../moses-cmd/src/TranslationAnalysis.h" />
		<Unit filename="../moses-cmd/src/mbr.cpp" />
		<Unit filename="../moses-cmd/src/mbr.h" />
		<Unit filename="../moses/src/AlignmentInfo.cpp" />
		<Unit filename="../moses/src/AlignmentInfo.h" />
		<Unit filename="../moses/src/AlignmentInfoCollection.cpp" />
		<Unit filename="../moses/src/AlignmentInfoCollection.h" />
		<Unit filename="../moses/src/BilingualDynSuffixArray.cpp" />
		<Unit filename="../moses/src/BilingualDynSuffixArray.h" />
		<Unit filename="../moses/src/BitmapContainer.cpp" />
		<Unit filename="../moses/src/BitmapContainer.h" />
		<Unit filename="../moses/src/CYKPlusParser/ChartRuleLookupManagerCYKPlus.cpp" />
		<Unit filename="../moses/src/CYKPlusParser/ChartRuleLookupManagerCYKPlus.h" />
		<Unit filename="../moses/src/CYKPlusParser/ChartRuleLookupManagerMemory.cpp" />
		<Unit filename="../moses/src/CYKPlusParser/ChartRuleLookupManagerMemory.h" />
		<Unit filename="../moses/src/CYKPlusParser/ChartRuleLookupManagerMinSpan.cpp" />
		<Unit filename="../moses/src/CYKPlusParser/ChartRuleLookupManagerMinSpan.h" />
		<Unit filename="../moses/src/CYKPlusParser/ChartRuleLookupManagerOnDisk.cpp" />
		<Unit filename="../moses/src/CYKPlusParser/ChartRuleLookupManagerOnDisk.h" />
		<Unit filename="../moses/src/CYKPlusParser/DotChart.h" />
		<Unit filename="../moses/src/CYKPlusParser/DotChartInMemory.cpp" />
		<Unit filename="../moses/src/CYKPlusParser/DotChartInMemory.h" />
		<Unit filename="../moses/src/CYKPlusParser/DotChartOnDisk.cpp" />
		<Unit filename="../moses/src/CYKPlusParser/DotChartOnDisk.h" />
		<Unit filename="../moses/src/CellCollection.h" />
		<Unit filename="../moses/src/ChartCell.cpp" />
		<Unit filename="../moses/src/ChartCell.h" />
		<Unit filename="../moses/src/ChartCellCollection.cpp" />
		<Unit filename="../moses/src/ChartCellCollection.h" />
		<Unit filename="../moses/src/ChartCellLabel.h" />
		<Unit filename="../moses/src/ChartCellLabelSet.h" />
		<Unit filename="../moses/src/ChartHypothesis.cpp" />
		<Unit filename="../moses/src/ChartHypothesis.h" />
		<Unit filename="../moses/src/ChartHypothesisCollection.cpp" />
		<Unit filename="../moses/src/ChartHypothesisCollection.h" />
		<Unit filename="../moses/src/ChartManager.cpp" />
		<Unit filename="../moses/src/ChartManager.h" />
		<Unit filename="../moses/src/ChartRuleLookupManager.h" />
		<Unit filename="../moses/src/ChartTranslationOption.cpp" />
		<Unit filename="../moses/src/ChartTranslationOption.h" />
		<Unit filename="../moses/src/ChartTranslationOptionCollection.cpp" />
		<Unit filename="../moses/src/ChartTranslationOptionCollection.h" />
		<Unit filename="../moses/src/ChartTranslationOptionList.cpp" />
		<Unit filename="../moses/src/ChartTranslationOptionList.h" />
		<Unit filename="../moses/src/ChartTrellisDetour.cpp" />
		<Unit filename="../moses/src/ChartTrellisDetour.h" />
		<Unit filename="../moses/src/ChartTrellisDetourQueue.cpp" />
		<Unit filename="../moses/src/ChartTrellisDetourQueue.h" />
		<Unit filename="../moses/src/ChartTrellisNode.cpp" />
		<Unit filename="../moses/src/ChartTrellisNode.h" />
		<Unit filename="../moses/src/ChartTrellisPath.cpp" />
		<Unit filename="../moses/src/ChartTrellisPath.h" />
		<Unit filename="../moses/src/ChartTrellisPathList.h" />
		<Unit filename="../moses/src/ConfusionNet.cpp" />
		<Unit filename="../moses/src/ConfusionNet.h" />
		<Unit filename="../moses/src/DecodeFeature.cpp" />
		<Unit filename="../moses/src/DecodeFeature.h" />
		<Unit filename="../moses/src/DecodeGraph.cpp" />
		<Unit filename="../moses/src/DecodeGraph.h" />
		<Unit filename="../moses/src/DecodeStep.cpp" />
		<Unit filename="../moses/src/DecodeStep.h" />
		<Unit filename="../moses/src/DecodeStepGeneration.cpp" />
		<Unit filename="../moses/src/DecodeStepGeneration.h" />
		<Unit filename="../moses/src/DecodeStepTranslation.cpp" />
		<Unit filename="../moses/src/DecodeStepTranslation.h" />
		<Unit filename="../moses/src/Dictionary.cpp" />
		<Unit filename="../moses/src/Dictionary.h" />
		<Unit filename="../moses/src/DummyScoreProducers.cpp" />
		<Unit filename="../moses/src/DummyScoreProducers.h" />
		<Unit filename="../moses/src/DynSAInclude/RandLMCache.h" />
		<Unit filename="../moses/src/DynSAInclude/RandLMFilter.h" />
		<Unit filename="../moses/src/DynSAInclude/fdstream.h" />
		<Unit filename="../moses/src/DynSAInclude/file.cpp" />
		<Unit filename="../moses/src/DynSAInclude/file.h" />
		<Unit filename="../moses/src/DynSAInclude/hash.h" />
		<Unit filename="../moses/src/DynSAInclude/onlineRLM.h" />
		<Unit filename="../moses/src/DynSAInclude/params.cpp" />
		<Unit filename="../moses/src/DynSAInclude/params.h" />
		<Unit filename="../moses/src/DynSAInclude/perfectHash.h" />
		<Unit filename="../moses/src/DynSAInclude/quantizer.h" />
		<Unit filename="../moses/src/DynSAInclude/types.h" />
		<Unit filename="../moses/src/DynSAInclude/utils.h" />
		<Unit filename="../moses/src/DynSAInclude/vocab.cpp" />
		<Unit filename="../moses/src/DynSAInclude/vocab.h" />
		<Unit filename="../moses/src/DynSuffixArray.cpp" />
		<Unit filename="../moses/src/DynSuffixArray.h" />
		<Unit filename="../moses/src/FFState.cpp" />
		<Unit filename="../moses/src/FFState.h" />
		<Unit filename="../moses/src/Factor.cpp" />
		<Unit filename="../moses/src/Factor.h" />
		<Unit filename="../moses/src/FactorCollection.cpp" />
		<Unit filename="../moses/src/FactorCollection.h" />
		<Unit filename="../moses/src/FactorTypeSet.cpp" />
		<Unit filename="../moses/src/FactorTypeSet.h" />
		<Unit filename="../moses/src/FeatureFunction.cpp" />
		<Unit filename="../moses/src/FeatureFunction.h" />
		<Unit filename="../moses/src/File.cpp" />
		<Unit filename="../moses/src/File.h" />
		<Unit filename="../moses/src/FilePtr.h" />
		<Unit filename="../moses/src/FloydWarshall.cpp" />
		<Unit filename="../moses/src/FloydWarshall.h" />
		<Unit filename="../moses/src/GenerationDictionary.cpp" />
		<Unit filename="../moses/src/GenerationDictionary.h" />
		<Unit filename="../moses/src/GlobalLexicalModel.cpp" />
		<Unit filename="../moses/src/GlobalLexicalModel.h" />
		<Unit filename="../moses/src/HypoList.h" />
		<Unit filename="../moses/src/Hypothesis.cpp" />
		<Unit filename="../moses/src/Hypothesis.h" />
		<Unit filename="../moses/src/HypothesisStack.cpp" />
		<Unit filename="../moses/src/HypothesisStack.h" />
		<Unit filename="../moses/src/HypothesisStackCubePruning.cpp" />
		<Unit filename="../moses/src/HypothesisStackCubePruning.h" />
		<Unit filename="../moses/src/HypothesisStackNormal.cpp" />
		<Unit filename="../moses/src/HypothesisStackNormal.h" />
		<Unit filename="../moses/src/InputFileStream.cpp" />
		<Unit filename="../moses/src/InputFileStream.h" />
		<Unit filename="../moses/src/InputType.cpp" />
		<Unit filename="../moses/src/InputType.h" />
		<Unit filename="../moses/src/LM/Base.cpp" />
		<Unit filename="../moses/src/LM/Base.h" />
		<Unit filename="../moses/src/LM/Factory.cpp" />
		<Unit filename="../moses/src/LM/Factory.h" />
		<Unit filename="../moses/src/LM/IRST.cpp" />
		<Unit filename="../moses/src/LM/IRST.h" />
		<Unit filename="../moses/src/LM/Implementation.cpp" />
		<Unit filename="../moses/src/LM/Implementation.h" />
		<Unit filename="../moses/src/LM/Joint.cpp" />
		<Unit filename="../moses/src/LM/Joint.h" />
		<Unit filename="../moses/src/LM/Ken.cpp" />
		<Unit filename="../moses/src/LM/Ken.h" />
		<Unit filename="../moses/src/LM/LDHT.cpp" />
		<Unit filename="../moses/src/LM/LDHT.h" />
		<Unit filename="../moses/src/LM/MultiFactor.cpp" />
		<Unit filename="../moses/src/LM/MultiFactor.h" />
		<Unit filename="../moses/src/LM/ORLM.cpp" />
		<Unit filename="../moses/src/LM/ORLM.h" />
		<Unit filename="../moses/src/LM/ParallelBackoff.cpp" />
		<Unit filename="../moses/src/LM/ParallelBackoff.h" />
		<Unit filename="../moses/src/LM/Rand.cpp" />
		<Unit filename="../moses/src/LM/Rand.h" />
		<Unit filename="../moses/src/LM/Remote.cpp" />
		<Unit filename="../moses/src/LM/Remote.h" />
		<Unit filename="../moses/src/LM/SRI.cpp" />
		<Unit filename="../moses/src/LM/SRI.h" />
		<Unit filename="../moses/src/LM/SingleFactor.cpp" />
		<Unit filename="../moses/src/LM/SingleFactor.h" />
		<Unit filename="../moses/src/LMList.cpp" />
		<Unit filename="../moses/src/LMList.h" />
		<Unit filename="../moses/src/LVoc.cpp" />
		<Unit filename="../moses/src/LVoc.h" />
		<Unit filename="../moses/src/LexicalReordering.cpp" />
		<Unit filename="../moses/src/LexicalReordering.h" />
		<Unit filename="../moses/src/LexicalReorderingState.cpp" />
		<Unit filename="../moses/src/LexicalReorderingState.h" />
		<Unit filename="../moses/src/LexicalReorderingTable.cpp" />
		<Unit filename="../moses/src/LexicalReorderingTable.h" />
		<Unit filename="../moses/src/Manager.cpp" />
		<Unit filename="../moses/src/Manager.h" />
		<Unit filename="../moses/src/NonTerminal.cpp" />
		<Unit filename="../moses/src/NonTerminal.h" />
		<Unit filename="../moses/src/ObjectPool.h" />
		<Unit filename="../moses/src/OutputCollector.h" />
		<Unit filename="../moses/src/PCNTools.cpp" />
		<Unit filename="../moses/src/PCNTools.h" />
		<Unit filename="../moses/src/PDTAimp.h" />
		<Unit filename="../moses/src/Parameter.cpp" />
		<Unit filename="../moses/src/Parameter.h" />
		<Unit filename="../moses/src/PartialTranslOptColl.cpp" />
		<Unit filename="../moses/src/PartialTranslOptColl.h" />
		<Unit filename="../moses/src/Phrase.cpp" />
		<Unit filename="../moses/src/Phrase.h" />
		<Unit filename="../moses/src/PhraseDictionary.cpp" />
		<Unit filename="../moses/src/PhraseDictionary.h" />
		<Unit filename="../moses/src/PhraseDictionaryDynSuffixArray.cpp" />
		<Unit filename="../moses/src/PhraseDictionaryDynSuffixArray.h" />
		<Unit filename="../moses/src/PhraseDictionaryMemory.cpp" />
		<Unit filename="../moses/src/PhraseDictionaryMemory.h" />
		<Unit filename="../moses/src/PhraseDictionaryMinSpan.cpp" />
		<Unit filename="../moses/src/PhraseDictionaryMinSpan.h" />
		<Unit filename="../moses/src/PhraseDictionaryNode.cpp" />
		<Unit filename="../moses/src/PhraseDictionaryNode.h" />
		<Unit filename="../moses/src/PhraseDictionaryTree.cpp" />
		<Unit filename="../moses/src/PhraseDictionaryTree.h" />
		<Unit filename="../moses/src/PhraseDictionaryTreeAdaptor.cpp" />
		<Unit filename="../moses/src/PhraseDictionaryTreeAdaptor.h" />
		<Unit filename="../moses/src/PrefixTree.h" />
		<Unit filename="../moses/src/PrefixTreeMap.cpp" />
		<Unit filename="../moses/src/PrefixTreeMap.h" />
		<Unit filename="../moses/src/ReorderingConstraint.cpp" />
		<Unit filename="../moses/src/ReorderingConstraint.h" />
		<Unit filename="../moses/src/ReorderingStack.cpp" />
		<Unit filename="../moses/src/ReorderingStack.h" />
		<Unit filename="../moses/src/RuleCube.cpp" />
		<Unit filename="../moses/src/RuleCube.h" />
		<Unit filename="../moses/src/RuleCubeItem.cpp" />
		<Unit filename="../moses/src/RuleCubeItem.h" />
		<Unit filename="../moses/src/RuleCubeQueue.cpp" />
		<Unit filename="../moses/src/RuleCubeQueue.h" />
		<Unit filename="../moses/src/RuleTable/Loader.h" />
		<Unit filename="../moses/src/RuleTable/LoaderCompact.cpp" />
		<Unit filename="../moses/src/RuleTable/LoaderCompact.h" />
		<Unit filename="../moses/src/RuleTable/LoaderFactory.cpp" />
		<Unit filename="../moses/src/RuleTable/LoaderFactory.h" />
		<Unit filename="../moses/src/RuleTable/LoaderHiero.cpp" />
		<Unit filename="../moses/src/RuleTable/LoaderHiero.h" />
		<Unit filename="../moses/src/RuleTable/LoaderStandard.cpp" />
		<Unit filename="../moses/src/RuleTable/LoaderStandard.h" />
		<Unit filename="../moses/src/RuleTable/PhraseDictionaryALSuffixArray.cpp" />
		<Unit filename="../moses/src/RuleTable/PhraseDictionaryALSuffixArray.h" />
		<Unit filename="../moses/src/RuleTable/PhraseDictionaryMinSpan.cpp" />
		<Unit filename="../moses/src/RuleTable/PhraseDictionaryMinSpan.h" />
		<Unit filename="../moses/src/RuleTable/PhraseDictionaryNodeSCFG.cpp" />
		<Unit filename="../moses/src/RuleTable/PhraseDictionaryNodeSCFG.h" />
		<Unit filename="../moses/src/RuleTable/PhraseDictionaryOnDisk.cpp" />
		<Unit filename="../moses/src/RuleTable/PhraseDictionaryOnDisk.h" />
		<Unit filename="../moses/src/RuleTable/PhraseDictionarySCFG.cpp" />
		<Unit filename="../moses/src/RuleTable/PhraseDictionarySCFG.h" />
		<Unit filename="../moses/src/RuleTable/Trie.cpp" />
		<Unit filename="../moses/src/RuleTable/Trie.h" />
		<Unit filename="../moses/src/RuleTable/UTrie.cpp" />
		<Unit filename="../moses/src/RuleTable/UTrie.h" />
		<Unit filename="../moses/src/RuleTable/UTrieNode.cpp" />
		<Unit filename="../moses/src/RuleTable/UTrieNode.h" />
		<Unit filename="../moses/src/Scope3Parser/ApplicableRuleTrie.cpp" />
		<Unit filename="../moses/src/Scope3Parser/ApplicableRuleTrie.h" />
		<Unit filename="../moses/src/Scope3Parser/IntermediateVarSpanNode.h" />
		<Unit filename="../moses/src/Scope3Parser/Parser.cpp" />
		<Unit filename="../moses/src/Scope3Parser/Parser.h" />
		<Unit filename="../moses/src/Scope3Parser/SentenceMap.h" />
		<Unit filename="../moses/src/Scope3Parser/StackLattice.h" />
		<Unit filename="../moses/src/Scope3Parser/StackLatticeBuilder.cpp" />
		<Unit filename="../moses/src/Scope3Parser/StackLatticeBuilder.h" />
		<Unit filename="../moses/src/Scope3Parser/StackLatticeSearcher.h" />
		<Unit filename="../moses/src/Scope3Parser/VarSpanNode.h" />
		<Unit filename="../moses/src/Scope3Parser/VarSpanTrieBuilder.cpp" />
		<Unit filename="../moses/src/Scope3Parser/VarSpanTrieBuilder.h" />
		<Unit filename="../moses/src/ScoreComponentCollection.cpp" />
		<Unit filename="../moses/src/ScoreComponentCollection.h" />
		<Unit filename="../moses/src/ScoreIndexManager.cpp" />
		<Unit filename="../moses/src/ScoreIndexManager.h" />
		<Unit filename="../moses/src/ScoreProducer.cpp" />
		<Unit filename="../moses/src/ScoreProducer.h" />
		<Unit filename="../moses/src/Search.cpp" />
		<Unit filename="../moses/src/Search.h" />
		<Unit filename="../moses/src/SearchCubePruning.cpp" />
		<Unit filename="../moses/src/SearchCubePruning.h" />
		<Unit filename="../moses/src/SearchNormal.cpp" />
		<Unit filename="../moses/src/SearchNormal.h" />
		<Unit filename="../moses/src/Sentence.cpp" />
		<Unit filename="../moses/src/Sentence.h" />
		<Unit filename="../moses/src/SentenceStats.cpp" />
		<Unit filename="../moses/src/SentenceStats.h" />
		<Unit filename="../moses/src/SquareMatrix.cpp" />
		<Unit filename="../moses/src/SquareMatrix.h" />
		<Unit filename="../moses/src/StackVec.h" />
		<Unit filename="../moses/src/StaticData.cpp" />
		<Unit filename="../moses/src/StaticData.h" />
		<Unit filename="../moses/src/SyntacticLanguageModel.cpp" />
		<Unit filename="../moses/src/SyntacticLanguageModel.h" />
		<Unit filename="../moses/src/SyntacticLanguageModelFiles.h" />
		<Unit filename="../moses/src/SyntacticLanguageModelState.h" />
		<Unit filename="../moses/src/TargetPhrase.cpp" />
		<Unit filename="../moses/src/TargetPhrase.h" />
		<Unit filename="../moses/src/TargetPhraseCollection.cpp" />
		<Unit filename="../moses/src/TargetPhraseCollection.h" />
		<Unit filename="../moses/src/Terminal.h" />
		<Unit filename="../moses/src/ThreadPool.cpp" />
		<Unit filename="../moses/src/ThreadPool.h" />
		<Unit filename="../moses/src/Timer.cpp" />
		<Unit filename="../moses/src/Timer.h" />
		<Unit filename="../moses/src/TranslationOption.cpp" />
		<Unit filename="../moses/src/TranslationOption.h" />
		<Unit filename="../moses/src/TranslationOptionCollection.cpp" />
		<Unit filename="../moses/src/TranslationOptionCollection.h" />
		<Unit filename="../moses/src/TranslationOptionCollectionConfusionNet.cpp" />
		<Unit filename="../moses/src/TranslationOptionCollectionConfusionNet.h" />
		<Unit filename="../moses/src/TranslationOptionCollectionText.cpp" />
		<Unit filename="../moses/src/TranslationOptionCollectionText.h" />
		<Unit filename="../moses/src/TranslationOptionList.cpp" />
		<Unit filename="../moses/src/TranslationOptionList.h" />
		<Unit filename="../moses/src/TranslationSystem.cpp" />
		<Unit filename="../moses/src/TranslationSystem.h" />
		<Unit filename="../moses/src/TreeInput.cpp" />
		<Unit filename="../moses/src/TreeInput.h" />
		<Unit filename="../moses/src/TrellisPath.cpp" />
		<Unit filename="../moses/src/TrellisPath.h" />
		<Unit filename="../moses/src/TrellisPathCollection.cpp" />
		<Unit filename="../moses/src/TrellisPathCollection.h" />
		<Unit filename="../moses/src/TrellisPathList.h" />
		<Unit filename="../moses/src/TypeDef.h" />
		<Unit filename="../moses/src/UniqueObject.h" />
		<Unit filename="../moses/src/UserMessage.cpp" />
		<Unit filename="../moses/src/UserMessage.h" />
		<Unit filename="../moses/src/Util.cpp" />
		<Unit filename="../moses/src/Util.h" />
		<Unit filename="../moses/src/Word.cpp" />
		<Unit filename="../moses/src/Word.h" />
		<Unit filename="../moses/src/WordLattice.cpp" />
		<Unit filename="../moses/src/WordLattice.h" />
		<Unit filename="../moses/src/WordsBitmap.cpp" />
		<Unit filename="../moses/src/WordsBitmap.h" />
		<Unit filename="../moses/src/WordsRange.cpp" />
		<Unit filename="../moses/src/WordsRange.h" />
		<Unit filename="../moses/src/XmlOption.cpp" />
		<Unit filename="../moses/src/XmlOption.h" />
		<Unit filename="../moses/src/gzfilebuf.h" />
		<Unit filename="../moses/src/hash.cpp" />
		<Unit filename="../moses/src/hash.h" />
		<Unit filename="../scripts/ems/biconcor/Alignment.cpp" />
		<Unit filename="../scripts/ems/biconcor/Alignment.h" />
		<Unit filename="../scripts/ems/biconcor/Mismatch.cpp" />
		<Unit filename="../scripts/ems/biconcor/Mismatch.h" />
		<Unit filename="../scripts/ems/biconcor/PhrasePair.cpp" />
		<Unit filename="../scripts/ems/biconcor/PhrasePair.h" />
		<Unit filename="../scripts/ems/biconcor/PhrasePairCollection.cpp" />
		<Unit filename="../scripts/ems/biconcor/PhrasePairCollection.h" />
		<Unit filename="../scripts/ems/biconcor/SuffixArray.cpp" />
		<Unit filename="../scripts/ems/biconcor/SuffixArray.h" />
		<Unit filename="../scripts/ems/biconcor/TargetCorpus.cpp" />
		<Unit filename="../scripts/ems/biconcor/TargetCorpus.h" />
		<Unit filename="../scripts/ems/biconcor/Vocabulary.cpp" />
		<Unit filename="../scripts/ems/biconcor/Vocabulary.h" />
		<Unit filename="../scripts/ems/biconcor/base64.cpp" />
		<Unit filename="../scripts/ems/biconcor/base64.h" />
		<Unit filename="../scripts/ems/biconcor/biconcor.cpp" />
		<Unit filename="../scripts/training/compact-rule-table/Compactify.cpp" />
		<Unit filename="../scripts/training/compact-rule-table/Compactify.h" />
		<Unit filename="../scripts/training/compact-rule-table/Compactify_Main.cpp" />
		<Unit filename="../scripts/training/compact-rule-table/Exception.h" />
		<Unit filename="../scripts/training/compact-rule-table/NumberedSet.h" />
		<Unit filename="../scripts/training/compact-rule-table/Options.h" />
		<Unit filename="../scripts/training/compact-rule-table/RuleTableParser.cpp" />
		<Unit filename="../scripts/training/compact-rule-table/RuleTableParser.h" />
		<Unit filename="../scripts/training/compact-rule-table/Tool.h" />
		<Unit filename="../scripts/training/lexical-reordering/InputFileStream.cpp" />
		<Unit filename="../scripts/training/lexical-reordering/InputFileStream.h" />
		<Unit filename="../scripts/training/lexical-reordering/gzfilebuf.h" />
		<Unit filename="../scripts/training/lexical-reordering/reordering_classes.cpp" />
		<Unit filename="../scripts/training/lexical-reordering/reordering_classes.h" />
		<Unit filename="../scripts/training/lexical-reordering/score.cpp" />
		<Unit filename="../scripts/training/phrase-extract/AlignmentPhrase.cpp" />
		<Unit filename="../scripts/training/phrase-extract/AlignmentPhrase.h" />
		<Unit filename="../scripts/training/phrase-extract/ExtractedRule.cpp" />
		<Unit filename="../scripts/training/phrase-extract/ExtractedRule.h" />
		<Unit filename="../scripts/training/phrase-extract/Hole.h" />
		<Unit filename="../scripts/training/phrase-extract/HoleCollection.cpp" />
		<Unit filename="../scripts/training/phrase-extract/HoleCollection.h" />
		<Unit filename="../scripts/training/phrase-extract/InputFileStream.cpp" />
		<Unit filename="../scripts/training/phrase-extract/InputFileStream.h" />
		<Unit filename="../scripts/training/phrase-extract/PhraseAlignment.cpp" />
		<Unit filename="../scripts/training/phrase-extract/PhraseAlignment.h" />
		<Unit filename="../scripts/training/phrase-extract/RuleExist.h" />
		<Unit filename="../scripts/training/phrase-extract/RuleExtractionOptions.h" />
		<Unit filename="../scripts/training/phrase-extract/SafeGetline.h" />
		<Unit filename="../scripts/training/phrase-extract/SentenceAlignment.cpp" />
		<Unit filename="../scripts/training/phrase-extract/SentenceAlignment.h" />
		<Unit filename="../scripts/training/phrase-extract/SentenceAlignmentWithSyntax.cpp" />
		<Unit filename="../scripts/training/phrase-extract/SentenceAlignmentWithSyntax.h" />
		<Unit filename="../scripts/training/phrase-extract/SyntaxTree.cpp" />
		<Unit filename="../scripts/training/phrase-extract/SyntaxTree.h" />
		<Unit filename="../scripts/training/phrase-extract/XmlException.h" />
		<Unit filename="../scripts/training/phrase-extract/XmlTree.cpp" />
		<Unit filename="../scripts/training/phrase-extract/XmlTree.h" />
		<Unit filename="../scripts/training/phrase-extract/consolidate-direct.cpp" />
		<Unit filename="../scripts/training/phrase-extract/consolidate-reverse.cpp" />
		<Unit filename="../scripts/training/phrase-extract/consolidate.cpp" />
		<Unit filename="../scripts/training/phrase-extract/extract-ghkm/Alignment.cpp" />
		<Unit filename="../scripts/training/phrase-extract/extract-ghkm/Alignment.h" />
		<Unit filename="../scripts/training/phrase-extract/extract-ghkm/AlignmentGraph.cpp" />
		<Unit filename="../scripts/training/phrase-extract/extract-ghkm/AlignmentGraph.h" />
		<Unit filename="../scripts/training/phrase-extract/extract-ghkm/ComposedRule.cpp" />
		<Unit filename="../scripts/training/phrase-extract/extract-ghkm/ComposedRule.h" />
		<Unit filename="../scripts/training/phrase-extract/extract-ghkm/Exception.h" />
		<Unit filename="../scripts/training/phrase-extract/extract-ghkm/ExtractGHKM.cpp" />
		<Unit filename="../scripts/training/phrase-extract/extract-ghkm/ExtractGHKM.h" />
		<Unit filename="../scripts/training/phrase-extract/extract-ghkm/Main.cpp" />
		<Unit filename="../scripts/training/phrase-extract/extract-ghkm/Node.cpp" />
		<Unit filename="../scripts/training/phrase-extract/extract-ghkm/Node.h" />
		<Unit filename="../scripts/training/phrase-extract/extract-ghkm/Options.h" />
		<Unit filename="../scripts/training/phrase-extract/extract-ghkm/ParseTree.cpp" />
		<Unit filename="../scripts/training/phrase-extract/extract-ghkm/ParseTree.h" />
		<Unit filename="../scripts/training/phrase-extract/extract-ghkm/ScfgRule.cpp" />
		<Unit filename="../scripts/training/phrase-extract/extract-ghkm/ScfgRule.h" />
		<Unit filename="../scripts/training/phrase-extract/extract-ghkm/ScfgRuleWriter.cpp" />
		<Unit filename="../scripts/training/phrase-extract/extract-ghkm/ScfgRuleWriter.h" />
		<Unit filename="../scripts/training/phrase-extract/extract-ghkm/Span.cpp" />
		<Unit filename="../scripts/training/phrase-extract/extract-ghkm/Span.h" />
		<Unit filename="../scripts/training/phrase-extract/extract-ghkm/Subgraph.cpp" />
		<Unit filename="../scripts/training/phrase-extract/extract-ghkm/Subgraph.h" />
		<Unit filename="../scripts/training/phrase-extract/extract-ghkm/XmlTreeParser.cpp" />
		<Unit filename="../scripts/training/phrase-extract/extract-ghkm/XmlTreeParser.h" />
		<Unit filename="../scripts/training/phrase-extract/extract-lex.cpp" />
		<Unit filename="../scripts/training/phrase-extract/extract-lex.h" />
		<Unit filename="../scripts/training/phrase-extract/extract-rules.cpp" />
		<Unit filename="../scripts/training/phrase-extract/extract.cpp" />
		<Unit filename="../scripts/training/phrase-extract/gzfilebuf.h" />
		<Unit filename="../scripts/training/phrase-extract/hierarchical.h" />
		<Unit filename="../scripts/training/phrase-extract/relax-parse.cpp" />
		<Unit filename="../scripts/training/phrase-extract/relax-parse.h" />
		<Unit filename="../scripts/training/phrase-extract/score.cpp" />
		<Unit filename="../scripts/training/phrase-extract/score.h" />
		<Unit filename="../scripts/training/phrase-extract/statistics.cpp" />
		<Unit filename="../scripts/training/phrase-extract/tables-core.cpp" />
		<Unit filename="../scripts/training/phrase-extract/tables-core.h" />
		<Unit filename="../scripts/training/symal/cmd.c">
			<Option compilerVar="CC" />
		</Unit>
		<Unit filename="../scripts/training/symal/cmd.h" />
		<Unit filename="../scripts/training/symal/symal.cpp" />
		<Unit filename="../util/bit_packing.cc" />
		<Unit filename="../util/bit_packing.hh" />
		<Unit filename="../util/bit_packing_test.cc" />
		<Unit filename="../util/check.hh" />
		<Unit filename="../util/ersatz_progress.cc" />
		<Unit filename="../util/ersatz_progress.hh" />
		<Unit filename="../util/exception.cc" />
		<Unit filename="../util/exception.hh" />
		<Unit filename="../util/file.cc" />
		<Unit filename="../util/file.hh" />
		<Unit filename="../util/file_piece.cc" />
		<Unit filename="../util/file_piece.hh" />
		<Unit filename="../util/file_piece_test.cc" />
		<Unit filename="../util/getopt.c">
			<Option compilerVar="CC" />
		</Unit>
		<Unit filename="../util/getopt.hh" />
		<Unit filename="../util/have.hh" />
		<Unit filename="../util/joint_sort.hh" />
		<Unit filename="../util/joint_sort_test.cc" />
		<Unit filename="../util/mmap.cc" />
		<Unit filename="../util/mmap.hh" />
		<Unit filename="../util/murmur_hash.cc" />
		<Unit filename="../util/murmur_hash.hh" />
		<Unit filename="../util/probing_hash_table.hh" />
		<Unit filename="../util/probing_hash_table_test.cc" />
		<Unit filename="../util/proxy_iterator.hh" />
		<Unit filename="../util/scoped.hh" />
		<Unit filename="../util/sized_iterator.hh" />
		<Unit filename="../util/sorted_uniform.hh" />
		<Unit filename="../util/sorted_uniform_test.cc" />
		<Unit filename="../util/string_piece.hh" />
		<Unit filename="../util/tokenize_piece.hh" />
		<Unit filename="../util/tokenize_piece_test.cc" />
		<Extensions>
			<code_completion />
			<debugger />
		</Extensions>
	</Project>
</CodeBlocks_project_file>
